
Microsoft Visual Studio Solution File, Format Version 12.00
# Visual Studio Version 17
VisualStudioVersion = 17.7.34024.191
MinimumVisualStudioVersion = 10.0.40219.1
Project("{9A19103F-16F7-4668-BE54-9A1E7A4F7556}") = "Module7", "Module7\Module7.csproj", "{80E4C06E-FA0E-46FE-B6F2-E6566E4551A7}"
EndProject
Project("{FAE04EC0-301F-11D3-BF4B-00C04F79EFBC}") = "FinalTask", "FinalTask\FinalTask.csproj", "{086DA4F9-3FB9-406A-9BA2-5F97B3A48851}"
EndProject
Global
	GlobalSection(SolutionConfigurationPlatforms) = preSolution
		Debug|Any CPU = Debug|Any CPU
		Release|Any CPU = Release|Any CPU
	EndGlobalSection
	GlobalSection(ProjectConfigurationPlatforms) = postSolution
		{80E4C06E-FA0E-46FE-B6F2-E6566E4551A7}.Debug|Any CPU.ActiveCfg = Debug|Any CPU
		{80E4C06E-FA0E-46FE-B6F2-E6566E4551A7}.Debug|Any CPU.Build.0 = Debug|Any CPU
		{80E4C06E-FA0E-46FE-B6F2-E6566E4551A7}.Release|Any CPU.ActiveCfg = Release|Any CPU
		{80E4C06E-FA0E-46FE-B6F2-E6566E4551A7}.Release|Any CPU.Build.0 = Release|Any CPU
		{086DA4F9-3FB9-406A-9BA2-5F97B3A48851}.Debug|Any CPU.ActiveCfg = Debug|Any CPU
		{086DA4F9-3FB9-406A-9BA2-5F97B3A48851}.Debug|Any CPU.Build.0 = Debug|Any CPU
		{086DA4F9-3FB9-406A-9BA2-5F97B3A48851}.Release|Any CPU.ActiveCfg = Release|Any CPU
		{086DA4F9-3FB9-406A-9BA2-5F97B3A48851}.Release|Any CPU.Build.0 = Release|Any CPU
	EndGlobalSection
	GlobalSection(SolutionProperties) = preSolution
		HideSolutionNode = FALSE
	EndGlobalSection
	GlobalSection(ExtensibilityGlobals) = postSolution
		SolutionGuid = {5E320C2C-91C1-41E6-9DBA-A00542D5F738}
	EndGlobalSection
EndGlobal
